
Microsoft Visual Studio Solution File, Format Version 12.00
# Visual Studio Version 17
VisualStudioVersion = 17.9.34728.123
MinimumVisualStudioVersion = 10.0.40219.1
Project("{FAE04EC0-301F-11D3-BF4B-00C04F79EFBC}") = "DemoIdentity", "DemoIdentity\DemoIdentity.csproj", "{973AC727-EF26-46EE-A59E-6151BD1B9056}"
EndProject
Global
	GlobalSection(SolutionConfigurationPlatforms) = preSolution
		Debug|Any CPU = Debug|Any CPU
		Release|Any CPU = Release|Any CPU
	EndGlobalSection
	GlobalSection(ProjectConfigurationPlatforms) = postSolution
		{973AC727-EF26-46EE-A59E-6151BD1B9056}.Debug|Any CPU.ActiveCfg = Debug|Any CPU
		{973AC727-EF26-46EE-A59E-6151BD1B9056}.Debug|Any CPU.Build.0 = Debug|Any CPU
		{973AC727-EF26-46EE-A59E-6151BD1B9056}.Release|Any CPU.ActiveCfg = Release|Any CPU
		{973AC727-EF26-46EE-A59E-6151BD1B9056}.Release|Any CPU.Build.0 = Release|Any CPU
	EndGlobalSection
	GlobalSection(SolutionProperties) = preSolution
		HideSolutionNode = FALSE
	EndGlobalSection
	GlobalSection(ExtensibilityGlobals) = postSolution
		SolutionGuid = {F7C4120C-6E99-4A1E-8786-C91C06875F7F}
	EndGlobalSection
EndGlobal
